
Microsoft Visual Studio Solution File, Format Version 12.00
# Visual Studio 15
VisualStudioVersion = 15.0.28307.136
MinimumVisualStudioVersion = 10.0.40219.1
Project("{FAE04EC0-301F-11D3-BF4B-00C04F79EFBC}") = "Game", "Game\Game.csproj", "{1974F463-1164-4A75-BBA3-A54768400851}"
EndProject
Global
	GlobalSection(SolutionConfigurationPlatforms) = preSolution
		Debug|Any CPU = Debug|Any CPU
		Release|Any CPU = Release|Any CPU
	EndGlobalSection
	GlobalSection(ProjectConfigurationPlatforms) = postSolution
		{1974F463-1164-4A75-BBA3-A54768400851}.Debug|Any CPU.ActiveCfg = Debug|Any CPU
		{1974F463-1164-4A75-BBA3-A54768400851}.Debug|Any CPU.Build.0 = Debug|Any CPU
		{1974F463-1164-4A75-BBA3-A54768400851}.Release|Any CPU.ActiveCfg = Release|Any CPU
		{1974F463-1164-4A75-BBA3-A54768400851}.Release|Any CPU.Build.0 = Release|Any CPU
	EndGlobalSection
	GlobalSection(SolutionProperties) = preSolution
		HideSolutionNode = FALSE
	EndGlobalSection
	GlobalSection(ExtensibilityGlobals) = postSolution
		SolutionGuid = {CCED149C-53C7-4DC9-B87E-F34A0214DD1D}
	EndGlobalSection
EndGlobal
